
Microsoft Visual Studio Solution File, Format Version 12.00
# Visual Studio 14
VisualStudioVersion = 14.0.25420.1
MinimumVisualStudioVersion = 10.0.40219.1
Project("{FAE04EC0-301F-11D3-BF4B-00C04F79EFBC}") = "GENius_WebCoreData", "Genius_WebCoreData\GENius_WebCoreData.csproj", "{4C99D9E3-9613-4A6F-934B-17400EAFFC09}"
EndProject
Project("{FAE04EC0-301F-11D3-BF4B-00C04F79EFBC}") = "GENius_WebServiceCoreData", "Genius_WebServiceCoreData\GENius_WebServiceCoreData.csproj", "{FE5AAF36-4F16-4DA0-BDE5-57963ACEED96}"
EndProject
Global
	GlobalSection(SolutionConfigurationPlatforms) = preSolution
		Debug|Any CPU = Debug|Any CPU
		Release|Any CPU = Release|Any CPU
	EndGlobalSection
	GlobalSection(ProjectConfigurationPlatforms) = postSolution
		{4C99D9E3-9613-4A6F-934B-17400EAFFC09}.Debug|Any CPU.ActiveCfg = Debug|Any CPU
		{4C99D9E3-9613-4A6F-934B-17400EAFFC09}.Debug|Any CPU.Build.0 = Debug|Any CPU
		{4C99D9E3-9613-4A6F-934B-17400EAFFC09}.Release|Any CPU.ActiveCfg = Release|Any CPU
		{4C99D9E3-9613-4A6F-934B-17400EAFFC09}.Release|Any CPU.Build.0 = Release|Any CPU
		{FE5AAF36-4F16-4DA0-BDE5-57963ACEED96}.Debug|Any CPU.ActiveCfg = Debug|Any CPU
		{FE5AAF36-4F16-4DA0-BDE5-57963ACEED96}.Debug|Any CPU.Build.0 = Debug|Any CPU
		{FE5AAF36-4F16-4DA0-BDE5-57963ACEED96}.Release|Any CPU.ActiveCfg = Release|Any CPU
		{FE5AAF36-4F16-4DA0-BDE5-57963ACEED96}.Release|Any CPU.Build.0 = Release|Any CPU
	EndGlobalSection
	GlobalSection(SolutionProperties) = preSolution
		HideSolutionNode = FALSE
	EndGlobalSection
EndGlobal
